
Microsoft Visual Studio Solution File, Format Version 12.00
# Visual Studio Version 17
VisualStudioVersion = 17.1.32210.238
MinimumVisualStudioVersion = 10.0.40219.1
Project("{9A19103F-16F7-4668-BE54-9A1E7A4F7556}") = "ControleTarefas", "ControleTarefas.csproj", "{6A47E5D9-6233-402C-874D-47F11751D44C}"
EndProject
Global
	GlobalSection(SolutionConfigurationPlatforms) = preSolution
		Debug|Any CPU = Debug|Any CPU
		Release|Any CPU = Release|Any CPU
	EndGlobalSection
	GlobalSection(ProjectConfigurationPlatforms) = postSolution
		{6A47E5D9-6233-402C-874D-47F11751D44C}.Debug|Any CPU.ActiveCfg = Debug|Any CPU
		{6A47E5D9-6233-402C-874D-47F11751D44C}.Debug|Any CPU.Build.0 = Debug|Any CPU
		{6A47E5D9-6233-402C-874D-47F11751D44C}.Release|Any CPU.ActiveCfg = Release|Any CPU
		{6A47E5D9-6233-402C-874D-47F11751D44C}.Release|Any CPU.Build.0 = Release|Any CPU
	EndGlobalSection
	GlobalSection(SolutionProperties) = preSolution
		HideSolutionNode = FALSE
	EndGlobalSection
	GlobalSection(ExtensibilityGlobals) = postSolution
		SolutionGuid = {77189161-F652-4828-870C-EE0FB0C83339}
	EndGlobalSection
EndGlobal
